// !$*UTF8*$!
{
	archiveVersion = 1;
	classes = {
	};
	objectVersion = 50;
	objects = {

/* Begin PBXBuildFile section */
		73992AAB23E042C3001C6D83 /* AppDelegate.swift in Sources */ = {isa = PBXBuildFile; fileRef = 73992AAA23E042C3001C6D83 /* AppDelegate.swift */; };
		73992AAD23E042C3001C6D83 /* SceneDelegate.swift in Sources */ = {isa = PBXBuildFile; fileRef = 73992AAC23E042C3001C6D83 /* SceneDelegate.swift */; };
		73992AB223E042C3001C6D83 /* Main.storyboard in Resources */ = {isa = PBXBuildFile; fileRef = 73992AB023E042C3001C6D83 /* Main.storyboard */; };
		73992AB523E042C3001C6D83 /* CoredataRelationship.xcdatamodeld in Sources */ = {isa = PBXBuildFile; fileRef = 73992AB323E042C3001C6D83 /* CoredataRelationship.xcdatamodeld */; };
		73992AB723E042CA001C6D83 /* Assets.xcassets in Resources */ = {isa = PBXBuildFile; fileRef = 73992AB623E042CA001C6D83 /* Assets.xcassets */; };
		73992ABA23E042CA001C6D83 /* LaunchScreen.storyboard in Resources */ = {isa = PBXBuildFile; fileRef = 73992AB823E042CA001C6D83 /* LaunchScreen.storyboard */; };
		73992AC223E0445E001C6D83 /* PersonViewController.swift in Sources */ = {isa = PBXBuildFile; fileRef = 73992AC123E0445E001C6D83 /* PersonViewController.swift */; };
		73992AC423E04475001C6D83 /* ItemViewController.swift in Sources */ = {isa = PBXBuildFile; fileRef = 73992AC323E04475001C6D83 /* ItemViewController.swift */; };
/* End PBXBuildFile section */

/* Begin PBXFileReference section */
		73992AA723E042C3001C6D83 /* CoredataRelationship.app */ = {isa = PBXFileReference; explicitFileType = wrapper.application; includeInIndex = 0; path = CoredataRelationship.app; sourceTree = BUILT_PRODUCTS_DIR; };
		73992AAA23E042C3001C6D83 /* AppDelegate.swift */ = {isa = PBXFileReference; lastKnownFileType = sourcecode.swift; path = AppDelegate.swift; sourceTree = "<group>"; };
		73992AAC23E042C3001C6D83 /* SceneDelegate.swift */ = {isa = PBXFileReference; lastKnownFileType = sourcecode.swift; path = SceneDelegate.swift; sourceTree = "<group>"; };
		73992AB123E042C3001C6D83 /* Base */ = {isa = PBXFileReference; lastKnownFileType = file.storyboard; name = Base; path = Base.lproj/Main.storyboard; sourceTree = "<group>"; };
		73992AB423E042C3001C6D83 /* CoredataRelationship.xcdatamodel */ = {isa = PBXFileReference; lastKnownFileType = wrapper.xcdatamodel; path = CoredataRelationship.xcdatamodel; sourceTree = "<group>"; };
		73992AB623E042CA001C6D83 /* Assets.xcassets */ = {isa = PBXFileReference; lastKnownFileType = folder.assetcatalog; path = Assets.xcassets; sourceTree = "<group>"; };
		73992AB923E042CA001C6D83 /* Base */ = {isa = PBXFileReference; lastKnownFileType = file.storyboard; name = Base; path = Base.lproj/LaunchScreen.storyboard; sourceTree = "<group>"; };
		73992ABB23E042CA001C6D83 /* Info.plist */ = {isa = PBXFileReference; lastKnownFileType = text.plist.xml; path = Info.plist; sourceTree = "<group>"; };
		73992AC123E0445E001C6D83 /* PersonViewController.swift */ = {isa = PBXFileReference; lastKnownFileType = sourcecode.swift; path = PersonViewController.swift; sourceTree = "<group>"; };
		73992AC323E04475001C6D83 /* ItemViewController.swift */ = {isa = PBXFileReference; lastKnownFileType = sourcecode.swift; path = ItemViewController.swift; sourceTree = "<group>"; };
/* End PBXFileReference section */

/* Begin PBXFrameworksBuildPhase section */
		73992AA423E042C2001C6D83 /* Frameworks */ = {
			isa = PBXFrameworksBuildPhase;
			buildActionMask = 2147483647;
			files = (
			);
			runOnlyForDeploymentPostprocessing = 0;
		};
/* End PBXFrameworksBuildPhase section */

/* Begin PBXGroup section */
		73992A9E23E042C2001C6D83 = {
			isa = PBXGroup;
			children = (
				73992AA923E042C3001C6D83 /* CoredataRelationship */,
				73992AA823E042C3001C6D83 /* Products */,
			);
			sourceTree = "<group>";
		};
		73992AA823E042C3001C6D83 /* Products */ = {
			isa = PBXGroup;
			children = (
				73992AA723E042C3001C6D83 /* CoredataRelationship.app */,
			);
			name = Products;
			sourceTree = "<group>";
		};
		73992AA923E042C3001C6D83 /* CoredataRelationship */ = {
			isa = PBXGroup;
			children = (
				73992AAA23E042C3001C6D83 /* AppDelegate.swift */,
				73992AAC23E042C3001C6D83 /* SceneDelegate.swift */,
				73992AB023E042C3001C6D83 /* Main.storyboard */,
				73992AB623E042CA001C6D83 /* Assets.xcassets */,
				73992AB823E042CA001C6D83 /* LaunchScreen.storyboard */,
				73992ABB23E042CA001C6D83 /* Info.plist */,
				73992AB323E042C3001C6D83 /* CoredataRelationship.xcdatamodeld */,
				73992AC123E0445E001C6D83 /* PersonViewController.swift */,
				73992AC323E04475001C6D83 /* ItemViewController.swift */,
			);
			path = CoredataRelationship;
			sourceTree = "<group>";
		};
/* End PBXGroup section */

/* Begin PBXNativeTarget section */
		73992AA623E042C2001C6D83 /* CoredataRelationship */ = {
			isa = PBXNativeTarget;
			buildConfigurationList = 73992ABE23E042CA001C6D83 /* Build configuration list for PBXNativeTarget "CoredataRelationship" */;
			buildPhases = (
				73992AA323E042C2001C6D83 /* Sources */,
				73992AA423E042C2001C6D83 /* Frameworks */,
				73992AA523E042C2001C6D83 /* Resources */,
			);
			buildRules = (
			);
			dependencies = (
			);
			name = CoredataRelationship;
			productName = CoredataRelationship;
			productReference = 73992AA723E042C3001C6D83 /* CoredataRelationship.app */;
			productType = "com.apple.product-type.application";
		};
/* End PBXNativeTarget section */

/* Begin PBXProject section */
		73992A9F23E042C2001C6D83 /* Project object */ = {
			isa = PBXProject;
			attributes = {
				LastSwiftUpdateCheck = 1130;
				LastUpgradeCheck = 1130;
				ORGANIZATIONNAME = "Md. Mehedi Hasan";
				TargetAttributes = {
					73992AA623E042C2001C6D83 = {
						CreatedOnToolsVersion = 11.3.1;
					};
				};
			};
			buildConfigurationList = 73992AA223E042C2001C6D83 /* Build configuration list for PBXProject "CoredataRelationship" */;
			compatibilityVersion = "Xcode 9.3";
			developmentRegion = en;
			hasScannedForEncodings = 0;
			knownRegions = (
				en,
				Base,
			);
			mainGroup = 73992A9E23E042C2001C6D83;
			productRefGroup = 73992AA823E042C3001C6D83 /* Products */;
			projectDirPath = "";
			projectRoot = "";
			targets = (
				73992AA623E042C2001C6D83 /* CoredataRelationship */,
			);
		};
/* End PBXProject section */

/* Begin PBXResourcesBuildPhase section */
		73992AA523E042C2001C6D83 /* Resources */ = {
			isa = PBXResourcesBuildPhase;
			buildActionMask = 2147483647;
			files = (
				73992ABA23E042CA001C6D83 /* LaunchScreen.storyboard in Resources */,
				73992AB723E042CA001C6D83 /* Assets.xcassets in Resources */,
				73992AB223E042C3001C6D83 /* Main.storyboard in Resources */,
			);
			runOnlyForDeploymentPostprocessing = 0;
		};
/* End PBXResourcesBuildPhase section */

/* Begin PBXSourcesBuildPhase section */
		73992AA323E042C2001C6D83 /* Sources */ = {
			isa = PBXSourcesBuildPhase;
			buildActionMask = 2147483647;
			files = (
				73992AAB23E042C3001C6D83 /* AppDelegate.swift in Sources */,
				73992AB523E042C3001C6D83 /* CoredataRelationship.xcdatamodeld in Sources */,
				73992AC423E04475001C6D83 /* ItemViewController.swift in Sources */,
				73992AAD23E042C3001C6D83 /* SceneDelegate.swift in Sources */,
				73992AC223E0445E001C6D83 /* PersonViewController.swift in Sources */,
			);
			runOnlyForDeploymentPostprocessing = 0;
		};
/* End PBXSourcesBuildPhase section */

/* Begin PBXVariantGroup section */
		73992AB023E042C3001C6D83 /* Main.storyboard */ = {
			isa = PBXVariantGroup;
			children = (
				73992AB123E042C3001C6D83 /* Base */,
			);
			name = Main.storyboard;
			sourceTree = "<group>";
		};
		73992AB823E042CA001C6D83 /* LaunchScreen.storyboard */ = {
			isa = PBXVariantGroup;
			children = (
				73992AB923E042CA001C6D83 /* Base */,
			);
			name = LaunchScreen.storyboard;
			sourceTree = "<group>";
		};
/* End PBXVariantGroup section */

/* Begin XCBuildConfiguration section */
		73992ABC23E042CA001C6D83 /* Debug */ = {
			isa = XCBuildConfiguration;
			buildSettings = {
				ALWAYS_SEARCH_USER_PATHS = NO;
				CLANG_ANALYZER_NONNULL = YES;
				CLANG_ANALYZER_NUMBER_OBJECT_CONVERSION = YES_AGGRESSIVE;
				CLANG_CXX_LANGUAGE_STANDARD = "gnu++14";
				CLANG_CXX_LIBRARY = "libc++";
				CLANG_ENABLE_MODULES = YES;
				CLANG_ENABLE_OBJC_ARC = YES;
				CLANG_ENABLE_OBJC_WEAK = YES;
				CLANG_WARN_BLOCK_CAPTURE_AUTORELEASING = YES;
				CLANG_WARN_BOOL_CONVERSION = YES;
				CLANG_WARN_COMMA = YES;
				CLANG_WARN_CONSTANT_CONVERSION = YES;
				CLANG_WARN_DEPRECATED_OBJC_IMPLEMENTATIONS = YES;
				CLANG_WARN_DIRECT_OBJC_ISA_USAGE = YES_ERROR;
				CLANG_WARN_DOCUMENTATION_COMMENTS = YES;
				CLANG_WARN_EMPTY_BODY = YES;
				CLANG_WARN_ENUM_CONVERSION = YES;
				CLANG_WARN_INFINITE_RECURSION = YES;
				CLANG_WARN_INT_CONVERSION = YES;
				CLANG_WARN_NON_LITERAL_NULL_CONVERSION = YES;
				CLANG_WARN_OBJC_IMPLICIT_RETAIN_SELF = YES;
				CLANG_WARN_OBJC_LITERAL_CONVERSION = YES;
				CLANG_WARN_OBJC_ROOT_CLASS = YES_ERROR;
				CLANG_WARN_RANGE_LOOP_ANALYSIS = YES;
				CLANG_WARN_STRICT_PROTOTYPES = YES;
				CLANG_WARN_SUSPICIOUS_MOVE = YES;
				CLANG_WARN_UNGUARDED_AVAILABILITY = YES_AGGRESSIVE;
				CLANG_WARN_UNREACHABLE_CODE = YES;
				CLANG_WARN__DUPLICATE_METHOD_MATCH = YES;
				COPY_PHASE_STRIP = NO;
				DEBUG_INFORMATION_FORMAT = dwarf;
				ENABLE_STRICT_OBJC_MSGSEND = YES;
				ENABLE_TESTABILITY = YES;
				GCC_C_LANGUAGE_STANDARD = gnu11;
				GCC_DYNAMIC_NO_PIC = NO;
				GCC_NO_COMMON_BLOCKS = YES;
				GCC_OPTIMIZATION_LEVEL = 0;
				GCC_PREPROCESSOR_DEFINITIONS = (
					"DEBUG=1",
					"$(inherited)",
				);
				GCC_WARN_64_TO_32_BIT_CONVERSION = YES;
				GCC_WARN_ABOUT_RETURN_TYPE = YES_ERROR;
				GCC_WARN_UNDECLARED_SELECTOR = YES;
				GCC_WARN_UNINITIALIZED_AUTOS = YES_AGGRESSIVE;
				GCC_WARN_UNUSED_FUNCTION = YES;
				GCC_WARN_UNUSED_VARIABLE = YES;
				IPHONEOS_DEPLOYMENT_TARGET = 13.2;
				MTL_ENABLE_DEBUG_INFO = INCLUDE_SOURCE;
				MTL_FAST_MATH = YES;
				ONLY_ACTIVE_ARCH = YES;
				SDKROOT = iphoneos;
				SWIFT_ACTIVE_COMPILATION_CONDITIONS = DEBUG;
				SWIFT_OPTIMIZATION_LEVEL = "-Onone";
			};
			name = Debug;
		};
		73992ABD23E042CA001C6D83 /* Release */ = {
			isa = XCBuildConfiguration;
			buildSettings = {
				ALWAYS_SEARCH_USER_PATHS = NO;
				CLANG_ANALYZER_NONNULL = YES;
				CLANG_ANALYZER_NUMBER_OBJECT_CONVERSION = YES_AGGRESSIVE;
				CLANG_CXX_LANGUAGE_STANDARD = "gnu++14";
				CLANG_CXX_LIBRARY = "libc++";
				CLANG_ENABLE_MODULES = YES;
				CLANG_ENABLE_OBJC_ARC = YES;
				CLANG_ENABLE_OBJC_WEAK = YES;
				CLANG_WARN_BLOCK_CAPTURE_AUTORELEASING = YES;
				CLANG_WARN_BOOL_CONVERSION = YES;
				CLANG_WARN_COMMA = YES;
				CLANG_WARN_CONSTANT_CONVERSION = YES;
				CLANG_WARN_DEPRECATED_OBJC_IMPLEMENTATIONS = YES;
				CLANG_WARN_DIRECT_OBJC_ISA_USAGE = YES_ERROR;
				CLANG_WARN_DOCUMENTATION_COMMENTS = YES;
				CLANG_WARN_EMPTY_BODY = YES;
				CLANG_WARN_ENUM_CONVERSION = YES;
				CLANG_WARN_INFINITE_RECURSION = YES;
				CLANG_WARN_INT_CONVERSION = YES;
				CLANG_WARN_NON_LITERAL_NULL_CONVERSION = YES;
				CLANG_WARN_OBJC_IMPLICIT_RETAIN_SELF = YES;
				CLANG_WARN_OBJC_LITERAL_CONVERSION = YES;
				CLANG_WARN_OBJC_ROOT_CLASS = YES_ERROR;
				CLANG_WARN_RANGE_LOOP_ANALYSIS = YES;
				CLANG_WARN_STRICT_PROTOTYPES = YES;
				CLANG_WARN_SUSPICIOUS_MOVE = YES;
				CLANG_WARN_UNGUARDED_AVAILABILITY = YES_AGGRESSIVE;
				CLANG_WARN_UNREACHABLE_CODE = YES;
				CLANG_WARN__DUPLICATE_METHOD_MATCH = YES;
				COPY_PHASE_STRIP = NO;
				DEBUG_INFORMATION_FORMAT = "dwarf-with-dsym";
				ENABLE_NS_ASSERTIONS = NO;
				ENABLE_STRICT_OBJC_MSGSEND = YES;
				GCC_C_LANGUAGE_STANDARD = gnu11;
				GCC_NO_COMMON_BLOCKS = YES;
				GCC_WARN_64_TO_32_BIT_CONVERSION = YES;
				GCC_WARN_ABOUT_RETURN_TYPE = YES_ERROR;
				GCC_WARN_UNDECLARED_SELECTOR = YES;
				GCC_WARN_UNINITIALIZED_AUTOS = YES_AGGRESSIVE;
				GCC_WARN_UNUSED_FUNCTION = YES;
				GCC_WARN_UNUSED_VARIABLE = YES;
				IPHONEOS_DEPLOYMENT_TARGET = 13.2;
				MTL_ENABLE_DEBUG_INFO = NO;
				MTL_FAST_MATH = YES;
				SDKROOT = iphoneos;
				SWIFT_COMPILATION_MODE = wholemodule;
				SWIFT_OPTIMIZATION_LEVEL = "-O";
				VALIDATE_PRODUCT = YES;
			};
			name = Release;
		};
		73992ABF23E042CA001C6D83 /* Debug */ = {
			isa = XCBuildConfiguration;
			buildSettings = {
				ASSETCATALOG_COMPILER_APPICON_NAME = AppIcon;
				CODE_SIGN_STYLE = Automatic;
				INFOPLIST_FILE = CoredataRelationship/Info.plist;
				LD_RUNPATH_SEARCH_PATHS = (
					"$(inherited)",
					"@executable_path/Frameworks",
				);
				PRODUCT_BUNDLE_IDENTIFIER = com.mehed1hasan.CoredataRelationship;
				PRODUCT_NAME = "$(TARGET_NAME)";
				SWIFT_VERSION = 5.0;
				TARGETED_DEVICE_FAMILY = "1,2";
			};
			name = Debug;
		};
		73992AC023E042CA001C6D83 /* Release */ = {
			isa = XCBuildConfiguration;
			buildSettings = {
				ASSETCATALOG_COMPILER_APPICON_NAME = AppIcon;
				CODE_SIGN_STYLE = Automatic;
				INFOPLIST_FILE = CoredataRelationship/Info.plist;
				LD_RUNPATH_SEARCH_PATHS = (
					"$(inherited)",
					"@executable_path/Frameworks",
				);
				PRODUCT_BUNDLE_IDENTIFIER = com.mehed1hasan.CoredataRelationship;
				PRODUCT_NAME = "$(TARGET_NAME)";
				SWIFT_VERSION = 5.0;
				TARGETED_DEVICE_FAMILY = "1,2";
			};
			name = Release;
		};
/* End XCBuildConfiguration section */

/* Begin XCConfigurationList section */
		73992AA223E042C2001C6D83 /* Build configuration list for PBXProject "CoredataRelationship" */ = {
			isa = XCConfigurationList;
			buildConfigurations = (
				73992ABC23E042CA001C6D83 /* Debug */,
				73992ABD23E042CA001C6D83 /* Release */,
			);
			defaultConfigurationIsVisible = 0;
			defaultConfigurationName = Release;
		};
		73992ABE23E042CA001C6D83 /* Build configuration list for PBXNativeTarget "CoredataRelationship" */ = {
			isa = XCConfigurationList;
			buildConfigurations = (
				73992ABF23E042CA001C6D83 /* Debug */,
				73992AC023E042CA001C6D83 /* Release */,
			);
			defaultConfigurationIsVisible = 0;
			defaultConfigurationName = Release;
		};
/* End XCConfigurationList section */

/* Begin XCVersionGroup section */
		73992AB323E042C3001C6D83 /* CoredataRelationship.xcdatamodeld */ = {
			isa = XCVersionGroup;
			children = (
				73992AB423E042C3001C6D83 /* CoredataRelationship.xcdatamodel */,
			);
			currentVersion = 73992AB423E042C3001C6D83 /* CoredataRelationship.xcdatamodel */;
			path = CoredataRelationship.xcdatamodeld;
			sourceTree = "<group>";
			versionGroupType = wrapper.xcdatamodel;
		};
/* End XCVersionGroup section */
	};
	rootObject = 73992A9F23E042C2001C6D83 /* Project object */;
}
